
Microsoft Visual Studio Solution File, Format Version 12.00
# Visual Studio 2012
Project("{FAE04EC0-301F-11D3-BF4B-00C04F79EFBC}") = "soket2", "soket2\soket2.csproj", "{83C00F04-AF6E-4CF5-8DDD-DC2ABA24FB22}"
EndProject
Project("{FAE04EC0-301F-11D3-BF4B-00C04F79EFBC}") = "Client", "Client\Client.csproj", "{2B002847-0688-4EB4-8821-3625FCE3F5A5}"
EndProject
Global
	GlobalSection(SolutionConfigurationPlatforms) = preSolution
		Debug|Any CPU = Debug|Any CPU
		Release|Any CPU = Release|Any CPU
	EndGlobalSection
	GlobalSection(ProjectConfigurationPlatforms) = postSolution
		{83C00F04-AF6E-4CF5-8DDD-DC2ABA24FB22}.Debug|Any CPU.ActiveCfg = Debug|Any CPU
		{83C00F04-AF6E-4CF5-8DDD-DC2ABA24FB22}.Debug|Any CPU.Build.0 = Debug|Any CPU
		{83C00F04-AF6E-4CF5-8DDD-DC2ABA24FB22}.Release|Any CPU.ActiveCfg = Release|Any CPU
		{83C00F04-AF6E-4CF5-8DDD-DC2ABA24FB22}.Release|Any CPU.Build.0 = Release|Any CPU
		{2B002847-0688-4EB4-8821-3625FCE3F5A5}.Debug|Any CPU.ActiveCfg = Debug|Any CPU
		{2B002847-0688-4EB4-8821-3625FCE3F5A5}.Debug|Any CPU.Build.0 = Debug|Any CPU
		{2B002847-0688-4EB4-8821-3625FCE3F5A5}.Release|Any CPU.ActiveCfg = Release|Any CPU
		{2B002847-0688-4EB4-8821-3625FCE3F5A5}.Release|Any CPU.Build.0 = Release|Any CPU
	EndGlobalSection
	GlobalSection(SolutionProperties) = preSolution
		HideSolutionNode = FALSE
	EndGlobalSection
EndGlobal
